// !$*UTF8*$!
{
	archiveVersion = 1;
	classes = {
	};
	objectVersion = 46;
	objects = {

/* Begin PBXBuildFile section */
		193F37A81763ABF0008CD55A /* icon1024.png in Resources */ = {isa = PBXBuildFile; fileRef = 193F37A71763ABF0008CD55A /* icon1024.png */; };
		194F7721176322B000DC7FA5 /* camera_controls_background.png in Resources */ = {isa = PBXBuildFile; fileRef = 194F771E176322B000DC7FA5 /* camera_controls_background.png */; };
		194F7722176322B000DC7FA5 /* camera_flip_button.png in Resources */ = {isa = PBXBuildFile; fileRef = 194F771F176322B000DC7FA5 /* camera_flip_button.png */; };
		194F7723176322B000DC7FA5 /* camera_take_photo_button.png in Resources */ = {isa = PBXBuildFile; fileRef = 194F7720176322B000DC7FA5 /* camera_take_photo_button.png */; };
		194F77251763256600DC7FA5 /* camera_options_button.png in Resources */ = {isa = PBXBuildFile; fileRef = 194F77241763256600DC7FA5 /* camera_options_button.png */; };
		194F77271763282A00DC7FA5 /* camera_options_background.png in Resources */ = {isa = PBXBuildFile; fileRef = 194F77261763282A00DC7FA5 /* camera_options_background.png */; };
		194F772A17632F8100DC7FA5 /* camera_sound.wav in Resources */ = {isa = PBXBuildFile; fileRef = 194F772917632F8100DC7FA5 /* camera_sound.wav */; };
		194F772C17632FD200DC7FA5 /* AudioToolbox.framework in Frameworks */ = {isa = PBXBuildFile; fileRef = 194F772B17632FD200DC7FA5 /* AudioToolbox.framework */; };
		194F77311763738000DC7FA5 /* icon@2x.png in Resources */ = {isa = PBXBuildFile; fileRef = 194F772E1763738000DC7FA5 /* icon@2x.png */; };
		194F77321763738000DC7FA5 /* icon.png in Resources */ = {isa = PBXBuildFile; fileRef = 194F772F1763738000DC7FA5 /* icon.png */; };
		195805F517628DA5004DEE8B /* UIImage+CVMat.mm in Sources */ = {isa = PBXBuildFile; fileRef = 195805F417628DA5004DEE8B /* UIImage+CVMat.mm */; };
		195805F717629F98004DEE8B /* CoreVideo.framework in Frameworks */ = {isa = PBXBuildFile; fileRef = 195805F617629F98004DEE8B /* CoreVideo.framework */; };
		1977AC831761F0FA00629032 /* camera_to_ascii_art.cpp in Sources */ = {isa = PBXBuildFile; fileRef = 1977AC811761F0FA00629032 /* camera_to_ascii_art.cpp */; };
		1977ACC0176216FA00629032 /* Cocoa.framework in Frameworks */ = {isa = PBXBuildFile; fileRef = 1977ACBF176216FA00629032 /* Cocoa.framework */; };
		1977ACCA176216FB00629032 /* InfoPlist.strings in Resources */ = {isa = PBXBuildFile; fileRef = 1977ACC8176216FB00629032 /* InfoPlist.strings */; };
		1977ACCC176216FB00629032 /* main.m in Sources */ = {isa = PBXBuildFile; fileRef = 1977ACCB176216FB00629032 /* main.m */; };
		1977ACD0176216FB00629032 /* Credits.rtf in Resources */ = {isa = PBXBuildFile; fileRef = 1977ACCE176216FB00629032 /* Credits.rtf */; };
		1977ACD3176216FB00629032 /* AppDelegate.mm in Sources */ = {isa = PBXBuildFile; fileRef = 1977ACD2176216FB00629032 /* AppDelegate.mm */; };
		1977ACD6176216FB00629032 /* MainMenu.xib in Resources */ = {isa = PBXBuildFile; fileRef = 1977ACD4176216FB00629032 /* MainMenu.xib */; };
		1977ACDA176217CE00629032 /* structs.cpp in Sources */ = {isa = PBXBuildFile; fileRef = 19F8DBBD17610FED00C28FC9 /* structs.cpp */; };
		1977ACDB176217CE00629032 /* parameters_manager.cpp in Sources */ = {isa = PBXBuildFile; fileRef = 19F8DBD117613C8600C28FC9 /* parameters_manager.cpp */; };
		1977ACDC176217CE00629032 /* character_opacity.cpp in Sources */ = {isa = PBXBuildFile; fileRef = 19F8DBB317610D2B00C28FC9 /* character_opacity.cpp */; };
		1977ACDD176217CE00629032 /* character_opacity_calculator.cpp in Sources */ = {isa = PBXBuildFile; fileRef = 19F8DBC1176122F000C28FC9 /* character_opacity_calculator.cpp */; };
		1977ACDE176217CE00629032 /* image_fragmenter.cpp in Sources */ = {isa = PBXBuildFile; fileRef = 19F8DBC51761230900C28FC9 /* image_fragmenter.cpp */; };
		1977ACDF176217CE00629032 /* ascii_art.cpp in Sources */ = {isa = PBXBuildFile; fileRef = 19F8DBC917612B8500C28FC9 /* ascii_art.cpp */; };
		1977ACE0176217CE00629032 /* camera_to_ascii_art.cpp in Sources */ = {isa = PBXBuildFile; fileRef = 1977AC811761F0FA00629032 /* camera_to_ascii_art.cpp */; };
		1977ACE3176217E800629032 /* Foo.cpp in Sources */ = {isa = PBXBuildFile; fileRef = 1977ACE1176217E800629032 /* Foo.cpp */; };
		1977ACE41762182E00629032 /* libopencv_core.dylib in Frameworks */ = {isa = PBXBuildFile; fileRef = 19F8DBA7176108AC00C28FC9 /* libopencv_core.dylib */; };
		1977ACE51762183000629032 /* libopencv_highgui.dylib in Frameworks */ = {isa = PBXBuildFile; fileRef = 19F8DBA8176108AC00C28FC9 /* libopencv_highgui.dylib */; };
		1977ACE61762183200629032 /* libopencv_imgproc.dylib in Frameworks */ = {isa = PBXBuildFile; fileRef = 19F8DBA9176108AC00C28FC9 /* libopencv_imgproc.dylib */; };
		1977ACE71762183900629032 /* libopencv_ml.dylib in Frameworks */ = {isa = PBXBuildFile; fileRef = 19F8DBAA176108AC00C28FC9 /* libopencv_ml.dylib */; };
		1977ACEA176220F900629032 /* functions.cpp in Sources */ = {isa = PBXBuildFile; fileRef = 1977ACE8176220F900629032 /* functions.cpp */; };
		1977ACEB176225BD00629032 /* functions.cpp in Sources */ = {isa = PBXBuildFile; fileRef = 1977ACE8176220F900629032 /* functions.cpp */; };
		1977ACF21762313600629032 /* UIKit.framework in Frameworks */ = {isa = PBXBuildFile; fileRef = 1977ACF11762313600629032 /* UIKit.framework */; };
		1977ACF41762313600629032 /* Foundation.framework in Frameworks */ = {isa = PBXBuildFile; fileRef = 1977ACF31762313600629032 /* Foundation.framework */; };
		1977ACF61762313600629032 /* CoreGraphics.framework in Frameworks */ = {isa = PBXBuildFile; fileRef = 1977ACF51762313600629032 /* CoreGraphics.framework */; };
		1977ACFC1762313600629032 /* InfoPlist.strings in Resources */ = {isa = PBXBuildFile; fileRef = 1977ACFA1762313600629032 /* InfoPlist.strings */; };
		1977ACFE1762313600629032 /* main.m in Sources */ = {isa = PBXBuildFile; fileRef = 1977ACFD1762313600629032 /* main.m */; };
		1977AD021762313600629032 /* AppDelegate.m in Sources */ = {isa = PBXBuildFile; fileRef = 1977AD011762313600629032 /* AppDelegate.m */; };
		1977AD041762313600629032 /* Default.png in Resources */ = {isa = PBXBuildFile; fileRef = 1977AD031762313600629032 /* Default.png */; };
		1977AD061762313600629032 /* Default@2x.png in Resources */ = {isa = PBXBuildFile; fileRef = 1977AD051762313600629032 /* Default@2x.png */; };
		1977AD081762313600629032 /* Default-568h@2x.png in Resources */ = {isa = PBXBuildFile; fileRef = 1977AD071762313600629032 /* Default-568h@2x.png */; };
		1977AD0B1762313600629032 /* ViewController.mm in Sources */ = {isa = PBXBuildFile; fileRef = 1977AD0A1762313600629032 /* ViewController.mm */; };
		1977AD0E1762313600629032 /* ViewController.xib in Resources */ = {isa = PBXBuildFile; fileRef = 1977AD0C1762313600629032 /* ViewController.xib */; };
		1977AD201762333100629032 /* opencv2.framework in Frameworks */ = {isa = PBXBuildFile; fileRef = 1977AD1F1762333100629032 /* opencv2.framework */; };
		1977AD28176235EC00629032 /* functions.cpp in Sources */ = {isa = PBXBuildFile; fileRef = 1977ACE8176220F900629032 /* functions.cpp */; };
		1977AD29176235EC00629032 /* structs.cpp in Sources */ = {isa = PBXBuildFile; fileRef = 19F8DBBD17610FED00C28FC9 /* structs.cpp */; };
		1977AD2A176235FB00629032 /* character_opacity.cpp in Sources */ = {isa = PBXBuildFile; fileRef = 19F8DBB317610D2B00C28FC9 /* character_opacity.cpp */; };
		1977AD2B1762360A00629032 /* character_opacity_calculator.cpp in Sources */ = {isa = PBXBuildFile; fileRef = 19F8DBC1176122F000C28FC9 /* character_opacity_calculator.cpp */; };
		1977AD2C1762363400629032 /* image_fragmenter.cpp in Sources */ = {isa = PBXBuildFile; fileRef = 19F8DBC51761230900C28FC9 /* image_fragmenter.cpp */; };
		1977AD2D176236B900629032 /* ascii_art.cpp in Sources */ = {isa = PBXBuildFile; fileRef = 19F8DBC917612B8500C28FC9 /* ascii_art.cpp */; };
		1977AD3017623D0B00629032 /* AVFoundation.framework in Frameworks */ = {isa = PBXBuildFile; fileRef = 1977AD2F17623D0B00629032 /* AVFoundation.framework */; };
		1977AD3217623F4600629032 /* CoreMedia.framework in Frameworks */ = {isa = PBXBuildFile; fileRef = 1977AD3117623F4600629032 /* CoreMedia.framework */; };
		1977AD34176245FD00629032 /* ImageIO.framework in Frameworks */ = {isa = PBXBuildFile; fileRef = 1977AD33176245FD00629032 /* ImageIO.framework */; };
		19F8DB9B1761085200C28FC9 /* main.cpp in Sources */ = {isa = PBXBuildFile; fileRef = 19F8DB9A1761085200C28FC9 /* main.cpp */; };
		19F8DB9D1761085200C28FC9 /* ASCIIArt.1 in CopyFiles */ = {isa = PBXBuildFile; fileRef = 19F8DB9C1761085200C28FC9 /* ASCIIArt.1 */; };
		19F8DBAB176108AC00C28FC9 /* libopencv_core.dylib in Frameworks */ = {isa = PBXBuildFile; fileRef = 19F8DBA7176108AC00C28FC9 /* libopencv_core.dylib */; };
		19F8DBAC176108AC00C28FC9 /* libopencv_highgui.dylib in Frameworks */ = {isa = PBXBuildFile; fileRef = 19F8DBA8176108AC00C28FC9 /* libopencv_highgui.dylib */; };
		19F8DBAD176108AC00C28FC9 /* libopencv_imgproc.dylib in Frameworks */ = {isa = PBXBuildFile; fileRef = 19F8DBA9176108AC00C28FC9 /* libopencv_imgproc.dylib */; };
		19F8DBAE176108AC00C28FC9 /* libopencv_ml.dylib in Frameworks */ = {isa = PBXBuildFile; fileRef = 19F8DBAA176108AC00C28FC9 /* libopencv_ml.dylib */; };
		19F8DBB617610D2B00C28FC9 /* character_opacity.cpp in Sources */ = {isa = PBXBuildFile; fileRef = 19F8DBB317610D2B00C28FC9 /* character_opacity.cpp */; };
		19F8DBBF17610FED00C28FC9 /* structs.cpp in Sources */ = {isa = PBXBuildFile; fileRef = 19F8DBBD17610FED00C28FC9 /* structs.cpp */; };
		19F8DBC3176122F000C28FC9 /* character_opacity_calculator.cpp in Sources */ = {isa = PBXBuildFile; fileRef = 19F8DBC1176122F000C28FC9 /* character_opacity_calculator.cpp */; };
		19F8DBC71761230900C28FC9 /* image_fragmenter.cpp in Sources */ = {isa = PBXBuildFile; fileRef = 19F8DBC51761230900C28FC9 /* image_fragmenter.cpp */; };
		19F8DBCB17612B8500C28FC9 /* ascii_art.cpp in Sources */ = {isa = PBXBuildFile; fileRef = 19F8DBC917612B8500C28FC9 /* ascii_art.cpp */; };
		19F8DBD317613C8600C28FC9 /* parameters_manager.cpp in Sources */ = {isa = PBXBuildFile; fileRef = 19F8DBD117613C8600C28FC9 /* parameters_manager.cpp */; };
/* End PBXBuildFile section */

/* Begin PBXCopyFilesBuildPhase section */
		19F8DB951761085200C28FC9 /* CopyFiles */ = {
			isa = PBXCopyFilesBuildPhase;
			buildActionMask = 2147483647;
			dstPath = /usr/share/man/man1/;
			dstSubfolderSpec = 0;
			files = (
				19F8DB9D1761085200C28FC9 /* ASCIIArt.1 in CopyFiles */,
			);
			runOnlyForDeploymentPostprocessing = 1;
		};
/* End PBXCopyFilesBuildPhase section */

/* Begin PBXFileReference section */
		193F37A71763ABF0008CD55A /* icon1024.png */ = {isa = PBXFileReference; lastKnownFileType = image.png; path = icon1024.png; sourceTree = "<group>"; };
		194F771E176322B000DC7FA5 /* camera_controls_background.png */ = {isa = PBXFileReference; lastKnownFileType = image.png; path = camera_controls_background.png; sourceTree = "<group>"; };
		194F771F176322B000DC7FA5 /* camera_flip_button.png */ = {isa = PBXFileReference; lastKnownFileType = image.png; path = camera_flip_button.png; sourceTree = "<group>"; };
		194F7720176322B000DC7FA5 /* camera_take_photo_button.png */ = {isa = PBXFileReference; lastKnownFileType = image.png; path = camera_take_photo_button.png; sourceTree = "<group>"; };
		194F77241763256600DC7FA5 /* camera_options_button.png */ = {isa = PBXFileReference; lastKnownFileType = image.png; path = camera_options_button.png; sourceTree = "<group>"; };
		194F77261763282A00DC7FA5 /* camera_options_background.png */ = {isa = PBXFileReference; lastKnownFileType = image.png; path = camera_options_background.png; sourceTree = "<group>"; };
		194F772917632F8100DC7FA5 /* camera_sound.wav */ = {isa = PBXFileReference; lastKnownFileType = audio.wav; path = camera_sound.wav; sourceTree = "<group>"; };
		194F772B17632FD200DC7FA5 /* AudioToolbox.framework */ = {isa = PBXFileReference; lastKnownFileType = wrapper.framework; name = AudioToolbox.framework; path = Platforms/iPhoneOS.platform/Developer/SDKs/iPhoneOS6.1.sdk/System/Library/Frameworks/AudioToolbox.framework; sourceTree = DEVELOPER_DIR; };
		194F772E1763738000DC7FA5 /* icon@2x.png */ = {isa = PBXFileReference; lastKnownFileType = image.png; path = "icon@2x.png"; sourceTree = "<group>"; };
		194F772F1763738000DC7FA5 /* icon.png */ = {isa = PBXFileReference; lastKnownFileType = image.png; path = icon.png; sourceTree = "<group>"; };
		195805F317628DA5004DEE8B /* UIImage+CVMat.h */ = {isa = PBXFileReference; fileEncoding = 4; lastKnownFileType = sourcecode.c.h; path = "UIImage+CVMat.h"; sourceTree = "<group>"; };
		195805F417628DA5004DEE8B /* UIImage+CVMat.mm */ = {isa = PBXFileReference; fileEncoding = 4; lastKnownFileType = sourcecode.cpp.objcpp; path = "UIImage+CVMat.mm"; sourceTree = "<group>"; };
		195805F617629F98004DEE8B /* CoreVideo.framework */ = {isa = PBXFileReference; lastKnownFileType = wrapper.framework; name = CoreVideo.framework; path = Platforms/iPhoneOS.platform/Developer/SDKs/iPhoneOS6.1.sdk/System/Library/Frameworks/CoreVideo.framework; sourceTree = DEVELOPER_DIR; };
		1977AC811761F0FA00629032 /* camera_to_ascii_art.cpp */ = {isa = PBXFileReference; fileEncoding = 4; lastKnownFileType = sourcecode.cpp.cpp; path = camera_to_ascii_art.cpp; sourceTree = "<group>"; };
		1977AC821761F0FA00629032 /* camera_to_ascii_art.h */ = {isa = PBXFileReference; fileEncoding = 4; lastKnownFileType = sourcecode.c.h; path = camera_to_ascii_art.h; sourceTree = "<group>"; };
		1977ACBD176216FA00629032 /* MacASCIIArtVideo.app */ = {isa = PBXFileReference; explicitFileType = wrapper.application; includeInIndex = 0; path = MacASCIIArtVideo.app; sourceTree = BUILT_PRODUCTS_DIR; };
		1977ACBF176216FA00629032 /* Cocoa.framework */ = {isa = PBXFileReference; lastKnownFileType = wrapper.framework; name = Cocoa.framework; path = System/Library/Frameworks/Cocoa.framework; sourceTree = SDKROOT; };
		1977ACC2176216FA00629032 /* AppKit.framework */ = {isa = PBXFileReference; lastKnownFileType = wrapper.framework; name = AppKit.framework; path = System/Library/Frameworks/AppKit.framework; sourceTree = SDKROOT; };
		1977ACC3176216FA00629032 /* CoreData.framework */ = {isa = PBXFileReference; lastKnownFileType = wrapper.framework; name = CoreData.framework; path = System/Library/Frameworks/CoreData.framework; sourceTree = SDKROOT; };
		1977ACC4176216FA00629032 /* Foundation.framework */ = {isa = PBXFileReference; lastKnownFileType = wrapper.framework; name = Foundation.framework; path = System/Library/Frameworks/Foundation.framework; sourceTree = SDKROOT; };
		1977ACC7176216FB00629032 /* MacASCIIArtVideo-Info.plist */ = {isa = PBXFileReference; lastKnownFileType = text.plist.xml; path = "MacASCIIArtVideo-Info.plist"; sourceTree = "<group>"; };
		1977ACC9176216FB00629032 /* en */ = {isa = PBXFileReference; lastKnownFileType = text.plist.strings; name = en; path = en.lproj/InfoPlist.strings; sourceTree = "<group>"; };
		1977ACCB176216FB00629032 /* main.m */ = {isa = PBXFileReference; lastKnownFileType = sourcecode.c.objc; path = main.m; sourceTree = "<group>"; };
		1977ACCD176216FB00629032 /* MacASCIIArtVideo-Prefix.pch */ = {isa = PBXFileReference; lastKnownFileType = sourcecode.c.h; path = "MacASCIIArtVideo-Prefix.pch"; sourceTree = "<group>"; };
		1977ACCF176216FB00629032 /* en */ = {isa = PBXFileReference; lastKnownFileType = text.rtf; name = en; path = en.lproj/Credits.rtf; sourceTree = "<group>"; };
		1977ACD1176216FB00629032 /* AppDelegate.h */ = {isa = PBXFileReference; lastKnownFileType = sourcecode.c.h; path = AppDelegate.h; sourceTree = "<group>"; };
		1977ACD2176216FB00629032 /* AppDelegate.mm */ = {isa = PBXFileReference; lastKnownFileType = sourcecode.cpp.objcpp; path = AppDelegate.mm; sourceTree = "<group>"; };
		1977ACD5176216FB00629032 /* en */ = {isa = PBXFileReference; lastKnownFileType = file.xib; name = en; path = en.lproj/MainMenu.xib; sourceTree = "<group>"; };
		1977ACE1176217E800629032 /* Foo.cpp */ = {isa = PBXFileReference; fileEncoding = 4; lastKnownFileType = sourcecode.cpp.cpp; path = Foo.cpp; sourceTree = "<group>"; };
		1977ACE2176217E800629032 /* Foo.h */ = {isa = PBXFileReference; fileEncoding = 4; lastKnownFileType = sourcecode.c.h; path = Foo.h; sourceTree = "<group>"; };
		1977ACE8176220F900629032 /* functions.cpp */ = {isa = PBXFileReference; fileEncoding = 4; lastKnownFileType = sourcecode.cpp.cpp; path = functions.cpp; sourceTree = "<group>"; };
		1977ACE9176220F900629032 /* functions.h */ = {isa = PBXFileReference; fileEncoding = 4; lastKnownFileType = sourcecode.c.h; path = functions.h; sourceTree = "<group>"; };
		1977ACF01762313600629032 /* ASCII Camera.app */ = {isa = PBXFileReference; explicitFileType = wrapper.application; includeInIndex = 0; path = "ASCII Camera.app"; sourceTree = BUILT_PRODUCTS_DIR; };
		1977ACF11762313600629032 /* UIKit.framework */ = {isa = PBXFileReference; lastKnownFileType = wrapper.framework; name = UIKit.framework; path = Library/Frameworks/UIKit.framework; sourceTree = DEVELOPER_DIR; };
		1977ACF31762313600629032 /* Foundation.framework */ = {isa = PBXFileReference; lastKnownFileType = wrapper.framework; name = Foundation.framework; path = Library/Frameworks/Foundation.framework; sourceTree = DEVELOPER_DIR; };
		1977ACF51762313600629032 /* CoreGraphics.framework */ = {isa = PBXFileReference; lastKnownFileType = wrapper.framework; name = CoreGraphics.framework; path = Library/Frameworks/CoreGraphics.framework; sourceTree = DEVELOPER_DIR; };
		1977ACF91762313600629032 /* iOSAsciiArtVideo-Info.plist */ = {isa = PBXFileReference; lastKnownFileType = text.plist.xml; path = "iOSAsciiArtVideo-Info.plist"; sourceTree = "<group>"; };
		1977ACFB1762313600629032 /* en */ = {isa = PBXFileReference; lastKnownFileType = text.plist.strings; name = en; path = en.lproj/InfoPlist.strings; sourceTree = "<group>"; };
		1977ACFD1762313600629032 /* main.m */ = {isa = PBXFileReference; lastKnownFileType = sourcecode.c.objc; path = main.m; sourceTree = "<group>"; };
		1977ACFF1762313600629032 /* iOSAsciiArtVideo-Prefix.pch */ = {isa = PBXFileReference; lastKnownFileType = sourcecode.c.h; path = "iOSAsciiArtVideo-Prefix.pch"; sourceTree = "<group>"; };
		1977AD001762313600629032 /* AppDelegate.h */ = {isa = PBXFileReference; lastKnownFileType = sourcecode.c.h; path = AppDelegate.h; sourceTree = "<group>"; };
		1977AD011762313600629032 /* AppDelegate.m */ = {isa = PBXFileReference; lastKnownFileType = sourcecode.c.objc; path = AppDelegate.m; sourceTree = "<group>"; };
		1977AD031762313600629032 /* Default.png */ = {isa = PBXFileReference; lastKnownFileType = image.png; path = Default.png; sourceTree = "<group>"; };
		1977AD051762313600629032 /* Default@2x.png */ = {isa = PBXFileReference; lastKnownFileType = image.png; path = "Default@2x.png"; sourceTree = "<group>"; };
		1977AD071762313600629032 /* Default-568h@2x.png */ = {isa = PBXFileReference; lastKnownFileType = image.png; path = "Default-568h@2x.png"; sourceTree = "<group>"; };
		1977AD091762313600629032 /* ViewController.h */ = {isa = PBXFileReference; lastKnownFileType = sourcecode.c.h; path = ViewController.h; sourceTree = "<group>"; };
		1977AD0A1762313600629032 /* ViewController.mm */ = {isa = PBXFileReference; lastKnownFileType = sourcecode.cpp.objcpp; path = ViewController.mm; sourceTree = "<group>"; };
		1977AD0D1762313600629032 /* en */ = {isa = PBXFileReference; lastKnownFileType = file.xib; name = en; path = en.lproj/ViewController.xib; sourceTree = "<group>"; };
		1977AD1F1762333100629032 /* opencv2.framework */ = {isa = PBXFileReference; lastKnownFileType = wrapper.framework; path = opencv2.framework; sourceTree = "<group>"; };
		1977AD2F17623D0B00629032 /* AVFoundation.framework */ = {isa = PBXFileReference; lastKnownFileType = wrapper.framework; name = AVFoundation.framework; path = Platforms/iPhoneOS.platform/Developer/SDKs/iPhoneOS6.1.sdk/System/Library/Frameworks/AVFoundation.framework; sourceTree = DEVELOPER_DIR; };
		1977AD3117623F4600629032 /* CoreMedia.framework */ = {isa = PBXFileReference; lastKnownFileType = wrapper.framework; name = CoreMedia.framework; path = Platforms/iPhoneOS.platform/Developer/SDKs/iPhoneOS6.1.sdk/System/Library/Frameworks/CoreMedia.framework; sourceTree = DEVELOPER_DIR; };
		1977AD33176245FD00629032 /* ImageIO.framework */ = {isa = PBXFileReference; lastKnownFileType = wrapper.framework; name = ImageIO.framework; path = Platforms/iPhoneOS.platform/Developer/SDKs/iPhoneOS6.1.sdk/System/Library/Frameworks/ImageIO.framework; sourceTree = DEVELOPER_DIR; };
		19F8DB971761085200C28FC9 /* ASCIIArt */ = {isa = PBXFileReference; explicitFileType = "compiled.mach-o.executable"; includeInIndex = 0; path = ASCIIArt; sourceTree = BUILT_PRODUCTS_DIR; };
		19F8DB9A1761085200C28FC9 /* main.cpp */ = {isa = PBXFileReference; lastKnownFileType = sourcecode.cpp.cpp; path = main.cpp; sourceTree = "<group>"; };
		19F8DB9C1761085200C28FC9 /* ASCIIArt.1 */ = {isa = PBXFileReference; lastKnownFileType = text.man; path = ASCIIArt.1; sourceTree = "<group>"; };
		19F8DBA7176108AC00C28FC9 /* libopencv_core.dylib */ = {isa = PBXFileReference; lastKnownFileType = "compiled.mach-o.dylib"; name = libopencv_core.dylib; path = ../../../../../../../usr/local/lib/libopencv_core.dylib; sourceTree = "<group>"; };
		19F8DBA8176108AC00C28FC9 /* libopencv_highgui.dylib */ = {isa = PBXFileReference; lastKnownFileType = "compiled.mach-o.dylib"; name = libopencv_highgui.dylib; path = ../../../../../../../usr/local/lib/libopencv_highgui.dylib; sourceTree = "<group>"; };
		19F8DBA9176108AC00C28FC9 /* libopencv_imgproc.dylib */ = {isa = PBXFileReference; lastKnownFileType = "compiled.mach-o.dylib"; name = libopencv_imgproc.dylib; path = ../../../../../../../usr/local/lib/libopencv_imgproc.dylib; sourceTree = "<group>"; };
		19F8DBAA176108AC00C28FC9 /* libopencv_ml.dylib */ = {isa = PBXFileReference; lastKnownFileType = "compiled.mach-o.dylib"; name = libopencv_ml.dylib; path = ../../../../../../../usr/local/lib/libopencv_ml.dylib; sourceTree = "<group>"; };
		19F8DBB317610D2B00C28FC9 /* character_opacity.cpp */ = {isa = PBXFileReference; fileEncoding = 4; lastKnownFileType = sourcecode.cpp.cpp; path = character_opacity.cpp; sourceTree = "<group>"; };
		19F8DBB417610D2B00C28FC9 /* character_opacity.h */ = {isa = PBXFileReference; fileEncoding = 4; lastKnownFileType = sourcecode.c.h; path = character_opacity.h; sourceTree = "<group>"; };
		19F8DBBD17610FED00C28FC9 /* structs.cpp */ = {isa = PBXFileReference; fileEncoding = 4; lastKnownFileType = sourcecode.cpp.cpp; path = structs.cpp; sourceTree = "<group>"; };
		19F8DBBE17610FED00C28FC9 /* structs.h */ = {isa = PBXFileReference; fileEncoding = 4; lastKnownFileType = sourcecode.c.h; path = structs.h; sourceTree = "<group>"; };
		19F8DBC1176122F000C28FC9 /* character_opacity_calculator.cpp */ = {isa = PBXFileReference; fileEncoding = 4; lastKnownFileType = sourcecode.cpp.cpp; path = character_opacity_calculator.cpp; sourceTree = "<group>"; };
		19F8DBC2176122F000C28FC9 /* character_opacity_calculator.h */ = {isa = PBXFileReference; fileEncoding = 4; lastKnownFileType = sourcecode.c.h; path = character_opacity_calculator.h; sourceTree = "<group>"; };
		19F8DBC51761230900C28FC9 /* image_fragmenter.cpp */ = {isa = PBXFileReference; fileEncoding = 4; lastKnownFileType = sourcecode.cpp.cpp; path = image_fragmenter.cpp; sourceTree = "<group>"; };
		19F8DBC61761230900C28FC9 /* image_fragmenter.h */ = {isa = PBXFileReference; fileEncoding = 4; lastKnownFileType = sourcecode.c.h; path = image_fragmenter.h; sourceTree = "<group>"; };
		19F8DBC917612B8500C28FC9 /* ascii_art.cpp */ = {isa = PBXFileReference; fileEncoding = 4; lastKnownFileType = sourcecode.cpp.cpp; path = ascii_art.cpp; sourceTree = "<group>"; };
		19F8DBCA17612B8500C28FC9 /* ascii_art.h */ = {isa = PBXFileReference; fileEncoding = 4; lastKnownFileType = sourcecode.c.h; path = ascii_art.h; sourceTree = "<group>"; };
		19F8DBD117613C8600C28FC9 /* parameters_manager.cpp */ = {isa = PBXFileReference; fileEncoding = 4; lastKnownFileType = sourcecode.cpp.cpp; path = parameters_manager.cpp; sourceTree = "<group>"; };
		19F8DBD217613C8600C28FC9 /* parameters_manager.h */ = {isa = PBXFileReference; fileEncoding = 4; lastKnownFileType = sourcecode.c.h; path = parameters_manager.h; sourceTree = "<group>"; };
/* End PBXFileReference section */

/* Begin PBXFrameworksBuildPhase section */
		1977ACBA176216FA00629032 /* Frameworks */ = {
			isa = PBXFrameworksBuildPhase;
			buildActionMask = 2147483647;
			files = (
				1977ACE61762183200629032 /* libopencv_imgproc.dylib in Frameworks */,
				1977ACC0176216FA00629032 /* Cocoa.framework in Frameworks */,
				1977ACE41762182E00629032 /* libopencv_core.dylib in Frameworks */,
				1977ACE51762183000629032 /* libopencv_highgui.dylib in Frameworks */,
				1977ACE71762183900629032 /* libopencv_ml.dylib in Frameworks */,
			);
			runOnlyForDeploymentPostprocessing = 0;
		};
		1977ACED1762313600629032 /* Frameworks */ = {
			isa = PBXFrameworksBuildPhase;
			buildActionMask = 2147483647;
			files = (
				194F772C17632FD200DC7FA5 /* AudioToolbox.framework in Frameworks */,
				195805F717629F98004DEE8B /* CoreVideo.framework in Frameworks */,
				1977AD34176245FD00629032 /* ImageIO.framework in Frameworks */,
				1977AD3217623F4600629032 /* CoreMedia.framework in Frameworks */,
				1977AD3017623D0B00629032 /* AVFoundation.framework in Frameworks */,
				1977ACF21762313600629032 /* UIKit.framework in Frameworks */,
				1977ACF41762313600629032 /* Foundation.framework in Frameworks */,
				1977ACF61762313600629032 /* CoreGraphics.framework in Frameworks */,
				1977AD201762333100629032 /* opencv2.framework in Frameworks */,
			);
			runOnlyForDeploymentPostprocessing = 0;
		};
		19F8DB941761085200C28FC9 /* Frameworks */ = {
			isa = PBXFrameworksBuildPhase;
			buildActionMask = 2147483647;
			files = (
				19F8DBAB176108AC00C28FC9 /* libopencv_core.dylib in Frameworks */,
				19F8DBAC176108AC00C28FC9 /* libopencv_highgui.dylib in Frameworks */,
				19F8DBAD176108AC00C28FC9 /* libopencv_imgproc.dylib in Frameworks */,
				19F8DBAE176108AC00C28FC9 /* libopencv_ml.dylib in Frameworks */,
			);
			runOnlyForDeploymentPostprocessing = 0;
		};
/* End PBXFrameworksBuildPhase section */

/* Begin PBXGroup section */
		194F771D176322B000DC7FA5 /* images */ = {
			isa = PBXGroup;
			children = (
				193F37A71763ABF0008CD55A /* icon1024.png */,
				194F772E1763738000DC7FA5 /* icon@2x.png */,
				194F772F1763738000DC7FA5 /* icon.png */,
				194F771E176322B000DC7FA5 /* camera_controls_background.png */,
				194F77261763282A00DC7FA5 /* camera_options_background.png */,
				194F771F176322B000DC7FA5 /* camera_flip_button.png */,
				194F7720176322B000DC7FA5 /* camera_take_photo_button.png */,
				194F77241763256600DC7FA5 /* camera_options_button.png */,
			);
			path = images;
			sourceTree = "<group>";
		};
		194F772817632F8100DC7FA5 /* sounds */ = {
			isa = PBXGroup;
			children = (
				194F772917632F8100DC7FA5 /* camera_sound.wav */,
			);
			path = sounds;
			sourceTree = "<group>";
		};
		195805F217628D60004DEE8B /* ImageBridge */ = {
			isa = PBXGroup;
			children = (
				195805F317628DA5004DEE8B /* UIImage+CVMat.h */,
				195805F417628DA5004DEE8B /* UIImage+CVMat.mm */,
			);
			path = ImageBridge;
			sourceTree = "<group>";
		};
		1977AC801761F0EE00629032 /* camera_to_ascii */ = {
			isa = PBXGroup;
			children = (
				1977AC811761F0FA00629032 /* camera_to_ascii_art.cpp */,
				1977AC821761F0FA00629032 /* camera_to_ascii_art.h */,
			);
			path = camera_to_ascii;
			sourceTree = "<group>";
		};
		1977ACBE176216FA00629032 /* Frameworks */ = {
			isa = PBXGroup;
			children = (
				194F772B17632FD200DC7FA5 /* AudioToolbox.framework */,
				195805F617629F98004DEE8B /* CoreVideo.framework */,
				1977AD33176245FD00629032 /* ImageIO.framework */,
				1977AD3117623F4600629032 /* CoreMedia.framework */,
				1977AD2F17623D0B00629032 /* AVFoundation.framework */,
				1977ACBF176216FA00629032 /* Cocoa.framework */,
				1977ACF11762313600629032 /* UIKit.framework */,
				1977ACF31762313600629032 /* Foundation.framework */,
				1977ACF51762313600629032 /* CoreGraphics.framework */,
				1977ACC1176216FA00629032 /* Other Frameworks */,
			);
			name = Frameworks;
			sourceTree = "<group>";
		};
		1977ACC1176216FA00629032 /* Other Frameworks */ = {
			isa = PBXGroup;
			children = (
				1977ACC2176216FA00629032 /* AppKit.framework */,
				1977ACC3176216FA00629032 /* CoreData.framework */,
				1977ACC4176216FA00629032 /* Foundation.framework */,
			);
			name = "Other Frameworks";
			sourceTree = "<group>";
		};
		1977ACC5176216FB00629032 /* MacASCIIArtVideo */ = {
			isa = PBXGroup;
			children = (
				1977ACD1176216FB00629032 /* AppDelegate.h */,
				1977ACD2176216FB00629032 /* AppDelegate.mm */,
				1977ACD4176216FB00629032 /* MainMenu.xib */,
				1977ACC6176216FB00629032 /* Supporting Files */,
				1977ACE1176217E800629032 /* Foo.cpp */,
				1977ACE2176217E800629032 /* Foo.h */,
			);
			path = MacASCIIArtVideo;
			sourceTree = "<group>";
		};
		1977ACC6176216FB00629032 /* Supporting Files */ = {
			isa = PBXGroup;
			children = (
				1977ACC7176216FB00629032 /* MacASCIIArtVideo-Info.plist */,
				1977ACC8176216FB00629032 /* InfoPlist.strings */,
				1977ACCB176216FB00629032 /* main.m */,
				1977ACCD176216FB00629032 /* MacASCIIArtVideo-Prefix.pch */,
				1977ACCE176216FB00629032 /* Credits.rtf */,
			);
			name = "Supporting Files";
			sourceTree = "<group>";
		};
		1977ACF71762313600629032 /* iOSAsciiArtVideo */ = {
			isa = PBXGroup;
			children = (
				195805F217628D60004DEE8B /* ImageBridge */,
				1977AD001762313600629032 /* AppDelegate.h */,
				1977AD011762313600629032 /* AppDelegate.m */,
				1977AD091762313600629032 /* ViewController.h */,
				1977AD0A1762313600629032 /* ViewController.mm */,
				1977AD0C1762313600629032 /* ViewController.xib */,
				194F771D176322B000DC7FA5 /* images */,
				194F772817632F8100DC7FA5 /* sounds */,
				1977AD1E1762332700629032 /* frameworks */,
				1977ACF81762313600629032 /* Supporting Files */,
			);
			path = iOSAsciiArtVideo;
			sourceTree = "<group>";
		};
		1977ACF81762313600629032 /* Supporting Files */ = {
			isa = PBXGroup;
			children = (
				1977ACF91762313600629032 /* iOSAsciiArtVideo-Info.plist */,
				1977ACFA1762313600629032 /* InfoPlist.strings */,
				1977ACFD1762313600629032 /* main.m */,
				1977ACFF1762313600629032 /* iOSAsciiArtVideo-Prefix.pch */,
				1977AD031762313600629032 /* Default.png */,
				1977AD051762313600629032 /* Default@2x.png */,
				1977AD071762313600629032 /* Default-568h@2x.png */,
			);
			name = "Supporting Files";
			sourceTree = "<group>";
		};
		1977AD1E1762332700629032 /* frameworks */ = {
			isa = PBXGroup;
			children = (
				1977AD1F1762333100629032 /* opencv2.framework */,
			);
			path = frameworks;
			sourceTree = "<group>";
		};
		19F8DB8E1761085200C28FC9 = {
			isa = PBXGroup;
			children = (
				19F8DB991761085200C28FC9 /* ASCIIArt */,
				1977ACC5176216FB00629032 /* MacASCIIArtVideo */,
				1977ACF71762313600629032 /* iOSAsciiArtVideo */,
				1977ACBE176216FA00629032 /* Frameworks */,
				19F8DB981761085200C28FC9 /* Products */,
			);
			sourceTree = "<group>";
		};
		19F8DB981761085200C28FC9 /* Products */ = {
			isa = PBXGroup;
			children = (
				19F8DB971761085200C28FC9 /* ASCIIArt */,
				1977ACBD176216FA00629032 /* MacASCIIArtVideo.app */,
				1977ACF01762313600629032 /* ASCII Camera.app */,
			);
			name = Products;
			sourceTree = "<group>";
		};
		19F8DB991761085200C28FC9 /* ASCIIArt */ = {
			isa = PBXGroup;
			children = (
				19F8DB9A1761085200C28FC9 /* main.cpp */,
				19F8DB9C1761085200C28FC9 /* ASCIIArt.1 */,
				19F8DBBA17610FD600C28FC9 /* helpers */,
				19F8DBA31761088D00C28FC9 /* classes */,
				19F8DBA41761088D00C28FC9 /* lib */,
				19F8DBA51761088D00C28FC9 /* resources */,
			);
			path = ASCIIArt;
			sourceTree = "<group>";
		};
		19F8DBA31761088D00C28FC9 /* classes */ = {
			isa = PBXGroup;
			children = (
				19F8DBD017613C7D00C28FC9 /* parameters_manager */,
				19F8DBB217610D2B00C28FC9 /* character_opacity */,
				19F8DBC0176122F000C28FC9 /* character_opacity_calculator */,
				19F8DBC41761230100C28FC9 /* image_fragmenter */,
				19F8DBC817612B7E00C28FC9 /* ascii_art */,
				1977AC801761F0EE00629032 /* camera_to_ascii */,
			);
			path = classes;
			sourceTree = "<group>";
		};
		19F8DBA41761088D00C28FC9 /* lib */ = {
			isa = PBXGroup;
			children = (
				19F8DBA61761089100C28FC9 /* OpenCV */,
			);
			path = lib;
			sourceTree = "<group>";
		};
		19F8DBA51761088D00C28FC9 /* resources */ = {
			isa = PBXGroup;
			children = (
			);
			path = resources;
			sourceTree = "<group>";
		};
		19F8DBA61761089100C28FC9 /* OpenCV */ = {
			isa = PBXGroup;
			children = (
				19F8DBA7176108AC00C28FC9 /* libopencv_core.dylib */,
				19F8DBA8176108AC00C28FC9 /* libopencv_highgui.dylib */,
				19F8DBA9176108AC00C28FC9 /* libopencv_imgproc.dylib */,
				19F8DBAA176108AC00C28FC9 /* libopencv_ml.dylib */,
			);
			name = OpenCV;
			sourceTree = "<group>";
		};
		19F8DBB217610D2B00C28FC9 /* character_opacity */ = {
			isa = PBXGroup;
			children = (
				19F8DBB317610D2B00C28FC9 /* character_opacity.cpp */,
				19F8DBB417610D2B00C28FC9 /* character_opacity.h */,
			);
			path = character_opacity;
			sourceTree = "<group>";
		};
		19F8DBBA17610FD600C28FC9 /* helpers */ = {
			isa = PBXGroup;
			children = (
				19F8DBBB17610FD600C28FC9 /* functions */,
				19F8DBBC17610FD600C28FC9 /* structs */,
			);
			path = helpers;
			sourceTree = "<group>";
		};
		19F8DBBB17610FD600C28FC9 /* functions */ = {
			isa = PBXGroup;
			children = (
				1977ACE8176220F900629032 /* functions.cpp */,
				1977ACE9176220F900629032 /* functions.h */,
			);
			path = functions;
			sourceTree = "<group>";
		};
		19F8DBBC17610FD600C28FC9 /* structs */ = {
			isa = PBXGroup;
			children = (
				19F8DBBD17610FED00C28FC9 /* structs.cpp */,
				19F8DBBE17610FED00C28FC9 /* structs.h */,
			);
			path = structs;
			sourceTree = "<group>";
		};
		19F8DBC0176122F000C28FC9 /* character_opacity_calculator */ = {
			isa = PBXGroup;
			children = (
				19F8DBC1176122F000C28FC9 /* character_opacity_calculator.cpp */,
				19F8DBC2176122F000C28FC9 /* character_opacity_calculator.h */,
			);
			path = character_opacity_calculator;
			sourceTree = "<group>";
		};
		19F8DBC41761230100C28FC9 /* image_fragmenter */ = {
			isa = PBXGroup;
			children = (
				19F8DBC51761230900C28FC9 /* image_fragmenter.cpp */,
				19F8DBC61761230900C28FC9 /* image_fragmenter.h */,
			);
			path = image_fragmenter;
			sourceTree = "<group>";
		};
		19F8DBC817612B7E00C28FC9 /* ascii_art */ = {
			isa = PBXGroup;
			children = (
				19F8DBC917612B8500C28FC9 /* ascii_art.cpp */,
				19F8DBCA17612B8500C28FC9 /* ascii_art.h */,
			);
			path = ascii_art;
			sourceTree = "<group>";
		};
		19F8DBD017613C7D00C28FC9 /* parameters_manager */ = {
			isa = PBXGroup;
			children = (
				19F8DBD117613C8600C28FC9 /* parameters_manager.cpp */,
				19F8DBD217613C8600C28FC9 /* parameters_manager.h */,
			);
			path = parameters_manager;
			sourceTree = "<group>";
		};
/* End PBXGroup section */

/* Begin PBXNativeTarget section */
		1977ACBC176216FA00629032 /* MacASCIIArtVideo */ = {
			isa = PBXNativeTarget;
			buildConfigurationList = 1977ACD7176216FB00629032 /* Build configuration list for PBXNativeTarget "MacASCIIArtVideo" */;
			buildPhases = (
				1977ACB9176216FA00629032 /* Sources */,
				1977ACBA176216FA00629032 /* Frameworks */,
				1977ACBB176216FA00629032 /* Resources */,
			);
			buildRules = (
			);
			dependencies = (
			);
			name = MacASCIIArtVideo;
			productName = MacASCIIArtVideo;
			productReference = 1977ACBD176216FA00629032 /* MacASCIIArtVideo.app */;
			productType = "com.apple.product-type.application";
		};
		1977ACEF1762313600629032 /* iOSAsciiArtVideo */ = {
			isa = PBXNativeTarget;
			buildConfigurationList = 1977AD0F1762313600629032 /* Build configuration list for PBXNativeTarget "iOSAsciiArtVideo" */;
			buildPhases = (
				1977ACEC1762313600629032 /* Sources */,
				1977ACED1762313600629032 /* Frameworks */,
				1977ACEE1762313600629032 /* Resources */,
			);
			buildRules = (
			);
			dependencies = (
			);
			name = iOSAsciiArtVideo;
			productName = iOSAsciiArtVideo;
			productReference = 1977ACF01762313600629032 /* ASCII Camera.app */;
			productType = "com.apple.product-type.application";
		};
		19F8DB961761085200C28FC9 /* ASCIIArt */ = {
			isa = PBXNativeTarget;
			buildConfigurationList = 19F8DBA01761085200C28FC9 /* Build configuration list for PBXNativeTarget "ASCIIArt" */;
			buildPhases = (
				19F8DB931761085200C28FC9 /* Sources */,
				19F8DB941761085200C28FC9 /* Frameworks */,
				19F8DB951761085200C28FC9 /* CopyFiles */,
			);
			buildRules = (
			);
			dependencies = (
			);
			name = ASCIIArt;
			productName = ASCIIArt;
			productReference = 19F8DB971761085200C28FC9 /* ASCIIArt */;
			productType = "com.apple.product-type.tool";
		};
/* End PBXNativeTarget section */

/* Begin PBXProject section */
		19F8DB8F1761085200C28FC9 /* Project object */ = {
			isa = PBXProject;
			attributes = {
				LastUpgradeCheck = 0460;
				ORGANIZATIONNAME = "Ricard Pérez del Campo";
			};
			buildConfigurationList = 19F8DB921761085200C28FC9 /* Build configuration list for PBXProject "ASCIIArt" */;
			compatibilityVersion = "Xcode 3.2";
			developmentRegion = English;
			hasScannedForEncodings = 0;
			knownRegions = (
				en,
			);
			mainGroup = 19F8DB8E1761085200C28FC9;
			productRefGroup = 19F8DB981761085200C28FC9 /* Products */;
			projectDirPath = "";
			projectRoot = "";
			targets = (
				19F8DB961761085200C28FC9 /* ASCIIArt */,
				1977ACBC176216FA00629032 /* MacASCIIArtVideo */,
				1977ACEF1762313600629032 /* iOSAsciiArtVideo */,
			);
		};
/* End PBXProject section */

/* Begin PBXResourcesBuildPhase section */
		1977ACBB176216FA00629032 /* Resources */ = {
			isa = PBXResourcesBuildPhase;
			buildActionMask = 2147483647;
			files = (
				1977ACCA176216FB00629032 /* InfoPlist.strings in Resources */,
				1977ACD0176216FB00629032 /* Credits.rtf in Resources */,
				1977ACD6176216FB00629032 /* MainMenu.xib in Resources */,
			);
			runOnlyForDeploymentPostprocessing = 0;
		};
		1977ACEE1762313600629032 /* Resources */ = {
			isa = PBXResourcesBuildPhase;
			buildActionMask = 2147483647;
			files = (
				1977ACFC1762313600629032 /* InfoPlist.strings in Resources */,
				1977AD041762313600629032 /* Default.png in Resources */,
				1977AD061762313600629032 /* Default@2x.png in Resources */,
				1977AD081762313600629032 /* Default-568h@2x.png in Resources */,
				1977AD0E1762313600629032 /* ViewController.xib in Resources */,
				194F7721176322B000DC7FA5 /* camera_controls_background.png in Resources */,
				194F7722176322B000DC7FA5 /* camera_flip_button.png in Resources */,
				194F7723176322B000DC7FA5 /* camera_take_photo_button.png in Resources */,
				194F77251763256600DC7FA5 /* camera_options_button.png in Resources */,
				194F77271763282A00DC7FA5 /* camera_options_background.png in Resources */,
				194F772A17632F8100DC7FA5 /* camera_sound.wav in Resources */,
				194F77311763738000DC7FA5 /* icon@2x.png in Resources */,
				194F77321763738000DC7FA5 /* icon.png in Resources */,
				193F37A81763ABF0008CD55A /* icon1024.png in Resources */,
			);
			runOnlyForDeploymentPostprocessing = 0;
		};
/* End PBXResourcesBuildPhase section */

/* Begin PBXSourcesBuildPhase section */
		1977ACB9176216FA00629032 /* Sources */ = {
			isa = PBXSourcesBuildPhase;
			buildActionMask = 2147483647;
			files = (
				1977ACDA176217CE00629032 /* structs.cpp in Sources */,
				1977ACDB176217CE00629032 /* parameters_manager.cpp in Sources */,
				1977ACDC176217CE00629032 /* character_opacity.cpp in Sources */,
				1977ACDD176217CE00629032 /* character_opacity_calculator.cpp in Sources */,
				1977ACDE176217CE00629032 /* image_fragmenter.cpp in Sources */,
				1977ACDF176217CE00629032 /* ascii_art.cpp in Sources */,
				1977ACE0176217CE00629032 /* camera_to_ascii_art.cpp in Sources */,
				1977ACCC176216FB00629032 /* main.m in Sources */,
				1977ACD3176216FB00629032 /* AppDelegate.mm in Sources */,
				1977ACE3176217E800629032 /* Foo.cpp in Sources */,
				1977ACEB176225BD00629032 /* functions.cpp in Sources */,
			);
			runOnlyForDeploymentPostprocessing = 0;
		};
		1977ACEC1762313600629032 /* Sources */ = {
			isa = PBXSourcesBuildPhase;
			buildActionMask = 2147483647;
			files = (
				1977AD2D176236B900629032 /* ascii_art.cpp in Sources */,
				1977AD2C1762363400629032 /* image_fragmenter.cpp in Sources */,
				1977AD2B1762360A00629032 /* character_opacity_calculator.cpp in Sources */,
				1977AD2A176235FB00629032 /* character_opacity.cpp in Sources */,
				1977AD28176235EC00629032 /* functions.cpp in Sources */,
				1977AD29176235EC00629032 /* structs.cpp in Sources */,
				1977ACFE1762313600629032 /* main.m in Sources */,
				1977AD021762313600629032 /* AppDelegate.m in Sources */,
				1977AD0B1762313600629032 /* ViewController.mm in Sources */,
				195805F517628DA5004DEE8B /* UIImage+CVMat.mm in Sources */,
			);
			runOnlyForDeploymentPostprocessing = 0;
		};
		19F8DB931761085200C28FC9 /* Sources */ = {
			isa = PBXSourcesBuildPhase;
			buildActionMask = 2147483647;
			files = (
				19F8DB9B1761085200C28FC9 /* main.cpp in Sources */,
				19F8DBB617610D2B00C28FC9 /* character_opacity.cpp in Sources */,
				19F8DBBF17610FED00C28FC9 /* structs.cpp in Sources */,
				19F8DBC3176122F000C28FC9 /* character_opacity_calculator.cpp in Sources */,
				19F8DBC71761230900C28FC9 /* image_fragmenter.cpp in Sources */,
				19F8DBCB17612B8500C28FC9 /* ascii_art.cpp in Sources */,
				19F8DBD317613C8600C28FC9 /* parameters_manager.cpp in Sources */,
				1977AC831761F0FA00629032 /* camera_to_ascii_art.cpp in Sources */,
				1977ACEA176220F900629032 /* functions.cpp in Sources */,
			);
			runOnlyForDeploymentPostprocessing = 0;
		};
/* End PBXSourcesBuildPhase section */

/* Begin PBXVariantGroup section */
		1977ACC8176216FB00629032 /* InfoPlist.strings */ = {
			isa = PBXVariantGroup;
			children = (
				1977ACC9176216FB00629032 /* en */,
			);
			name = InfoPlist.strings;
			sourceTree = "<group>";
		};
		1977ACCE176216FB00629032 /* Credits.rtf */ = {
			isa = PBXVariantGroup;
			children = (
				1977ACCF176216FB00629032 /* en */,
			);
			name = Credits.rtf;
			sourceTree = "<group>";
		};
		1977ACD4176216FB00629032 /* MainMenu.xib */ = {
			isa = PBXVariantGroup;
			children = (
				1977ACD5176216FB00629032 /* en */,
			);
			name = MainMenu.xib;
			sourceTree = "<group>";
		};
		1977ACFA1762313600629032 /* InfoPlist.strings */ = {
			isa = PBXVariantGroup;
			children = (
				1977ACFB1762313600629032 /* en */,
			);
			name = InfoPlist.strings;
			sourceTree = "<group>";
		};
		1977AD0C1762313600629032 /* ViewController.xib */ = {
			isa = PBXVariantGroup;
			children = (
				1977AD0D1762313600629032 /* en */,
			);
			name = ViewController.xib;
			sourceTree = "<group>";
		};
/* End PBXVariantGroup section */

/* Begin XCBuildConfiguration section */
		1977ACD8176216FB00629032 /* Debug */ = {
			isa = XCBuildConfiguration;
			buildSettings = {
				COMBINE_HIDPI_IMAGES = YES;
				GCC_PRECOMPILE_PREFIX_HEADER = YES;
				GCC_PREFIX_HEADER = "MacASCIIArtVideo/MacASCIIArtVideo-Prefix.pch";
				HEADER_SEARCH_PATHS = /usr/local/include;
				INFOPLIST_FILE = "MacASCIIArtVideo/MacASCIIArtVideo-Info.plist";
				LIBRARY_SEARCH_PATHS = /usr/local/lib;
				PRODUCT_NAME = "$(TARGET_NAME)";
				WRAPPER_EXTENSION = app;
			};
			name = Debug;
		};
		1977ACD9176216FB00629032 /* Release */ = {
			isa = XCBuildConfiguration;
			buildSettings = {
				COMBINE_HIDPI_IMAGES = YES;
				GCC_PRECOMPILE_PREFIX_HEADER = YES;
				GCC_PREFIX_HEADER = "MacASCIIArtVideo/MacASCIIArtVideo-Prefix.pch";
				HEADER_SEARCH_PATHS = /usr/local/include;
				INFOPLIST_FILE = "MacASCIIArtVideo/MacASCIIArtVideo-Info.plist";
				LIBRARY_SEARCH_PATHS = /usr/local/lib;
				PRODUCT_NAME = "$(TARGET_NAME)";
				WRAPPER_EXTENSION = app;
			};
			name = Release;
		};
		1977AD101762313600629032 /* Debug */ = {
			isa = XCBuildConfiguration;
			buildSettings = {
				ARCHS = "$(ARCHS_STANDARD_32_BIT)";
				CODE_SIGN_IDENTITY = "iPhone Developer: Ricard Perez del Campo (RTT6X5QD29)";
				"CODE_SIGN_IDENTITY[sdk=iphoneos*]" = "iPhone Developer: Ricard Perez del Campo (RTT6X5QD29)";
				FRAMEWORK_SEARCH_PATHS = (
					"$(inherited)",
					"\"$(SYSTEM_APPS_DIR)/Xcode.app/Contents/Developer/Library/Frameworks\"",
					"\"$(SRCROOT)/iOSAsciiArtVideo/frameworks\"",
				);
				GCC_PRECOMPILE_PREFIX_HEADER = YES;
				GCC_PREFIX_HEADER = "iOSAsciiArtVideo/iOSAsciiArtVideo-Prefix.pch";
				GCC_PREPROCESSOR_DEFINITIONS = (
					"DEBUG=1",
					"$(inherited)",
					"IOS=1",
				);
				HEADER_SEARCH_PATHS = "";
				INFOPLIST_FILE = "iOSAsciiArtVideo/iOSAsciiArtVideo-Info.plist";
				IPHONEOS_DEPLOYMENT_TARGET = 5.0;
				LIBRARY_SEARCH_PATHS = "";
				PRODUCT_NAME = "ASCII Camera";
				PROVISIONING_PROFILE = "3991F654-977E-48C1-A443-D8038B3E32B8";
				"PROVISIONING_PROFILE[sdk=iphoneos*]" = "3991F654-977E-48C1-A443-D8038B3E32B8";
				SDKROOT = iphoneos;
				WRAPPER_EXTENSION = app;
			};
			name = Debug;
		};
		1977AD111762313600629032 /* Release */ = {
			isa = XCBuildConfiguration;
			buildSettings = {
				ARCHS = "$(ARCHS_STANDARD_32_BIT)";
				CODE_SIGN_IDENTITY = "iPhone Distribution: Amidasoft Sistemes d'Informacio, SL (EJCQHZ972L)";
				"CODE_SIGN_IDENTITY[sdk=iphoneos*]" = "iPhone Distribution: Amidasoft Sistemes d'Informacio, SL (EJCQHZ972L)";
				FRAMEWORK_SEARCH_PATHS = (
					"$(inherited)",
					"\"$(SYSTEM_APPS_DIR)/Xcode.app/Contents/Developer/Library/Frameworks\"",
					"\"$(SRCROOT)/iOSAsciiArtVideo/frameworks\"",
				);
				GCC_PRECOMPILE_PREFIX_HEADER = YES;
				GCC_PREFIX_HEADER = "iOSAsciiArtVideo/iOSAsciiArtVideo-Prefix.pch";
				GCC_PREPROCESSOR_DEFINITIONS = "IOS=1";
				HEADER_SEARCH_PATHS = "";
				INFOPLIST_FILE = "iOSAsciiArtVideo/iOSAsciiArtVideo-Info.plist";
				IPHONEOS_DEPLOYMENT_TARGET = 5.0;
				LIBRARY_SEARCH_PATHS = "";
				OTHER_CFLAGS = "-DNS_BLOCK_ASSERTIONS=1";
				PRODUCT_NAME = "ASCII Camera";
				PROVISIONING_PROFILE = "9F55B437-3E78-47AB-B991-7370B366EAEB";
				"PROVISIONING_PROFILE[sdk=iphoneos*]" = "9F55B437-3E78-47AB-B991-7370B366EAEB";
				SDKROOT = iphoneos;
				VALIDATE_PRODUCT = YES;
				WRAPPER_EXTENSION = app;
			};
			name = Release;
		};
		19F8DB9E1761085200C28FC9 /* Debug */ = {
			isa = XCBuildConfiguration;
			buildSettings = {
				ALWAYS_SEARCH_USER_PATHS = NO;
				ARCHS = "$(ARCHS_STANDARD_64_BIT)";
				CLANG_CXX_LANGUAGE_STANDARD = "gnu++0x";
				CLANG_CXX_LIBRARY = "libc++";
				CLANG_WARN_CONSTANT_CONVERSION = YES;
				CLANG_WARN_EMPTY_BODY = YES;
				CLANG_WARN_ENUM_CONVERSION = YES;
				CLANG_WARN_INT_CONVERSION = YES;
				CLANG_WARN__DUPLICATE_METHOD_MATCH = YES;
				COPY_PHASE_STRIP = NO;
				GCC_C_LANGUAGE_STANDARD = gnu99;
				GCC_DYNAMIC_NO_PIC = NO;
				GCC_ENABLE_OBJC_EXCEPTIONS = YES;
				GCC_OPTIMIZATION_LEVEL = 0;
				GCC_PREPROCESSOR_DEFINITIONS = (
					"DEBUG=1",
					"$(inherited)",
				);
				GCC_SYMBOLS_PRIVATE_EXTERN = NO;
				GCC_WARN_64_TO_32_BIT_CONVERSION = YES;
				GCC_WARN_ABOUT_RETURN_TYPE = YES;
				GCC_WARN_UNINITIALIZED_AUTOS = YES;
				GCC_WARN_UNUSED_VARIABLE = YES;
				MACOSX_DEPLOYMENT_TARGET = 10.8;
				ONLY_ACTIVE_ARCH = YES;
				SDKROOT = macosx;
			};
			name = Debug;
		};
		19F8DB9F1761085200C28FC9 /* Release */ = {
			isa = XCBuildConfiguration;
			buildSettings = {
				ALWAYS_SEARCH_USER_PATHS = NO;
				ARCHS = "$(ARCHS_STANDARD_64_BIT)";
				CLANG_CXX_LANGUAGE_STANDARD = "gnu++0x";
				CLANG_CXX_LIBRARY = "libc++";
				CLANG_WARN_CONSTANT_CONVERSION = YES;
				CLANG_WARN_EMPTY_BODY = YES;
				CLANG_WARN_ENUM_CONVERSION = YES;
				CLANG_WARN_INT_CONVERSION = YES;
				CLANG_WARN__DUPLICATE_METHOD_MATCH = YES;
				COPY_PHASE_STRIP = YES;
				DEBUG_INFORMATION_FORMAT = "dwarf-with-dsym";
				GCC_C_LANGUAGE_STANDARD = gnu99;
				GCC_ENABLE_OBJC_EXCEPTIONS = YES;
				GCC_WARN_64_TO_32_BIT_CONVERSION = YES;
				GCC_WARN_ABOUT_RETURN_TYPE = YES;
				GCC_WARN_UNINITIALIZED_AUTOS = YES;
				GCC_WARN_UNUSED_VARIABLE = YES;
				MACOSX_DEPLOYMENT_TARGET = 10.8;
				SDKROOT = macosx;
			};
			name = Release;
		};
		19F8DBA11761085200C28FC9 /* Debug */ = {
			isa = XCBuildConfiguration;
			buildSettings = {
				CLANG_CXX_LANGUAGE_STANDARD = "gnu++0x";
				CLANG_CXX_LIBRARY = "libc++";
				GCC_VERSION = "";
				HEADER_SEARCH_PATHS = /usr/local/include;
				LIBRARY_SEARCH_PATHS = /usr/local/lib;
				PRODUCT_NAME = "$(TARGET_NAME)";
			};
			name = Debug;
		};
		19F8DBA21761085200C28FC9 /* Release */ = {
			isa = XCBuildConfiguration;
			buildSettings = {
				CLANG_CXX_LANGUAGE_STANDARD = "gnu++0x";
				CLANG_CXX_LIBRARY = "libc++";
				GCC_VERSION = "";
				HEADER_SEARCH_PATHS = /usr/local/include;
				LIBRARY_SEARCH_PATHS = /usr/local/lib;
				PRODUCT_NAME = "$(TARGET_NAME)";
			};
			name = Release;
		};
/* End XCBuildConfiguration section */

/* Begin XCConfigurationList section */
		1977ACD7176216FB00629032 /* Build configuration list for PBXNativeTarget "MacASCIIArtVideo" */ = {
			isa = XCConfigurationList;
			buildConfigurations = (
				1977ACD8176216FB00629032 /* Debug */,
				1977ACD9176216FB00629032 /* Release */,
			);
			defaultConfigurationIsVisible = 0;
			defaultConfigurationName = Release;
		};
		1977AD0F1762313600629032 /* Build configuration list for PBXNativeTarget "iOSAsciiArtVideo" */ = {
			isa = XCConfigurationList;
			buildConfigurations = (
				1977AD101762313600629032 /* Debug */,
				1977AD111762313600629032 /* Release */,
			);
			defaultConfigurationIsVisible = 0;
			defaultConfigurationName = Release;
		};
		19F8DB921761085200C28FC9 /* Build configuration list for PBXProject "ASCIIArt" */ = {
			isa = XCConfigurationList;
			buildConfigurations = (
				19F8DB9E1761085200C28FC9 /* Debug */,
				19F8DB9F1761085200C28FC9 /* Release */,
			);
			defaultConfigurationIsVisible = 0;
			defaultConfigurationName = Release;
		};
		19F8DBA01761085200C28FC9 /* Build configuration list for PBXNativeTarget "ASCIIArt" */ = {
			isa = XCConfigurationList;
			buildConfigurations = (
				19F8DBA11761085200C28FC9 /* Debug */,
				19F8DBA21761085200C28FC9 /* Release */,
			);
			defaultConfigurationIsVisible = 0;
			defaultConfigurationName = Release;
		};
/* End XCConfigurationList section */
	};
	rootObject = 19F8DB8F1761085200C28FC9 /* Project object */;
}
